
Microsoft Visual Studio Solution File, Format Version 12.00
# Visual Studio Version 17
VisualStudioVersion = 17.10.34928.147
MinimumVisualStudioVersion = 10.0.40219.1
Project("{FAE04EC0-301F-11D3-BF4B-00C04F79EFBC}") = "NewsScraperAPI", "NewsScraperAPI\NewsScraperAPI.csproj", "{94C1C34D-3D39-4C3B-8116-78767D1BDA33}"
EndProject
Global
	GlobalSection(SolutionConfigurationPlatforms) = preSolution
		Debug|Any CPU = Debug|Any CPU
		Release|Any CPU = Release|Any CPU
	EndGlobalSection
	GlobalSection(ProjectConfigurationPlatforms) = postSolution
		{94C1C34D-3D39-4C3B-8116-78767D1BDA33}.Debug|Any CPU.ActiveCfg = Debug|Any CPU
		{94C1C34D-3D39-4C3B-8116-78767D1BDA33}.Debug|Any CPU.Build.0 = Debug|Any CPU
		{94C1C34D-3D39-4C3B-8116-78767D1BDA33}.Release|Any CPU.ActiveCfg = Release|Any CPU
		{94C1C34D-3D39-4C3B-8116-78767D1BDA33}.Release|Any CPU.Build.0 = Release|Any CPU
	EndGlobalSection
	GlobalSection(SolutionProperties) = preSolution
		HideSolutionNode = FALSE
	EndGlobalSection
	GlobalSection(ExtensibilityGlobals) = postSolution
		SolutionGuid = {64F807AD-8EC2-4350-BAF5-99D75E33EAD6}
	EndGlobalSection
EndGlobal
